Microsoft Visual Studio Solution File, Format Version 12.00
# Visual Studio 2013
VisualStudioVersion = 12.0.21005.1
MinimumVisualStudioVersion = 10.0.40219.1
Project("{E24C65DC-7377-472B-9ABA-BC803B73C61A}") = "CMS", "http://localhost:49209", "{420F4FED-2F28-4BE5-8CEA-9A6B9A57558B}"
	ProjectSection(WebsiteProperties) = preProject
		SccProjectName = "SAK"
		SccAuxPath = "SAK"
		SccLocalPath = "SAK"
		SccProvider = "SAK"
		UseIISExpress = "true"
		TargetFrameworkMoniker = ".NETFramework,Version%3Dv4.5"
		ProjectReferences = "{007000c5-02aa-4563-ae2a-29ee077ee1b8}|Bluespire.Emerge.Common.dll;{bc7e72f9-c9e5-452e-83c5-681876e0d3e9}|Bluespire.Emerge.CommonService.dll;{A0FDCC0D-2191-4CA7-9510-B6C8FF06CBD4}|Bluespire.Emerge.LicenseManager.dll;{32a491ae-8c10-4515-877f-0e7c6bd32707}|Bluespire.Emerge.Components.Careers.dll;{366A1E03-30B5-442E-841A-1E2CF2050B95}|Bluespire.Emerge.Web.dll;{ab9442f7-ac43-4050-836a-a50a61d8ad5c}|Bluespire.Emerge.Components.CheerCard.dll;{265aa0fa-68f0-43be-ae9e-1d99ab3975d8}|Bluespire.Emerge.Components.Donation.dll;{645a8540-5fa1-4701-8f60-450e4ba0e537}|Bluespire.Emerge.Components.EventsCalendar.dll;{add325f8-cbd9-43fe-850d-e2f34d736c9d}|GenericParsing.dll;{45e4afb7-3a6b-4c57-a530-fb2bd79c5b34}|Bluespire.Emerge.Components.GiftShop.dll;{4eafed96-ff92-402b-a2d2-21795034a7b8}|Bluespire.Emerge.Components.Location.dll;{dfaf40a2-834e-4aa7-b34b-6b3011df6919}|Bluespire.Emerge.Components.PreRegistration.dll;{5b17d51a-bf80-485b-9ddc-7b5dfbf55ee3}|Bluespire.Emerge.Components.Rates.dll;{585df3c5-a17f-4571-b30f-44d484f61590}|Bluespire.Emerge.Components.StaffDirectory.dll;"
		Debug.AspNetCompiler.VirtualPath = "/localhost_49209"
		Debug.AspNetCompiler.PhysicalPath = "CMS\"
		Debug.AspNetCompiler.TargetPath = "PrecompiledWeb\localhost_49209\"
		Debug.AspNetCompiler.Updateable = "true"
		Debug.AspNetCompiler.ForceOverwrite = "true"
		Debug.AspNetCompiler.FixedNames = "false"
		Debug.AspNetCompiler.Debug = "True"
		Release.AspNetCompiler.VirtualPath = "/localhost_49209"
		Release.AspNetCompiler.PhysicalPath = "CMS\"
		Release.AspNetCompiler.TargetPath = "PrecompiledWeb\localhost_49209\"
		Release.AspNetCompiler.Updateable = "true"
		Release.AspNetCompiler.ForceOverwrite = "true"
		Release.AspNetCompiler.FixedNames = "false"
		Release.AspNetCompiler.Debug = "False"
		SlnRelativePath = "CMS\"
	EndProjectSection
	ProjectSection(ProjectDependencies) = postProject
		{366A1E03-30B5-442E-841A-1E2CF2050B95} = {366A1E03-30B5-442E-841A-1E2CF2050B95}
		{A0FDCC0D-2191-4CA7-9510-B6C8FF06CBD4} = {A0FDCC0D-2191-4CA7-9510-B6C8FF06CBD4}
		{5B17D51A-BF80-485B-9DDC-7B5DFBF55EE3} = {5B17D51A-BF80-485B-9DDC-7B5DFBF55EE3}
		{645A8540-5FA1-4701-8F60-450E4BA0E537} = {645A8540-5FA1-4701-8F60-450E4BA0E537}
		{4EAFED96-FF92-402B-A2D2-21795034A7B8} = {4EAFED96-FF92-402B-A2D2-21795034A7B8}
		{32A491AE-8C10-4515-877F-0E7C6BD32707} = {32A491AE-8C10-4515-877F-0E7C6BD32707}
		{45E4AFB7-3A6B-4C57-A530-FB2BD79C5B34} = {45E4AFB7-3A6B-4C57-A530-FB2BD79C5B34}
		{007000C5-02AA-4563-AE2A-29EE077EE1B8} = {007000C5-02AA-4563-AE2A-29EE077EE1B8}
		{585DF3C5-A17F-4571-B30F-44D484F61590} = {585DF3C5-A17F-4571-B30F-44D484F61590}
		{AB9442F7-AC43-4050-836A-A50A61D8AD5C} = {AB9442F7-AC43-4050-836A-A50A61D8AD5C}
		{ADD325F8-CBD9-43FE-850D-E2F34D736C9D} = {ADD325F8-CBD9-43FE-850D-E2F34D736C9D}
		{BC7E72F9-C9E5-452E-83C5-681876E0D3E9} = {BC7E72F9-C9E5-452E-83C5-681876E0D3E9}
		{265AA0FA-68F0-43BE-AE9E-1D99AB3975D8} = {265AA0FA-68F0-43BE-AE9E-1D99AB3975D8}
	EndProjectSection
EndProject
Project("{FAE04EC0-301F-11D3-BF4B-00C04F79EFBC}") = "Bluespire.Emerge.Common", "Bluespire.Emerge.Common\Bluespire.Emerge.Common.csproj", "{007000C5-02AA-4563-AE2A-29EE077EE1B8}"
EndProject
Project("{FAE04EC0-301F-11D3-BF4B-00C04F79EFBC}") = "Bluespire.Emerge.CommonService", "Bluespire.Emerge.CommonService\Bluespire.Emerge.CommonService.csproj", "{BC7E72F9-C9E5-452E-83C5-681876E0D3E9}"
EndProject
Project("{FAE04EC0-301F-11D3-BF4B-00C04F79EFBC}") = "Bluespire.Emerge.Components.Career", "Bluespire.Emerge.Components.Careers\Bluespire.Emerge.Components.Career.csproj", "{32A491AE-8C10-4515-877F-0E7C6BD32707}"
EndProject
Project("{FAE04EC0-301F-11D3-BF4B-00C04F79EFBC}") = "Bluespire.Emerge.Components.CheerCard", "Bluespire.Emerge.Components.CheerCard\Bluespire.Emerge.Components.CheerCard.csproj", "{AB9442F7-AC43-4050-836A-A50A61D8AD5C}"
EndProject
Project("{FAE04EC0-301F-11D3-BF4B-00C04F79EFBC}") = "Bluespire.Emerge.Components.Donation", "Bluespire.Emerge.Components.Donation\Bluespire.Emerge.Components.Donation.csproj", "{265AA0FA-68F0-43BE-AE9E-1D99AB3975D8}"
EndProject
Project("{FAE04EC0-301F-11D3-BF4B-00C04F79EFBC}") = "Bluespire.Emerge.Components.EventsCalendar", "Bluespire.Emerge.Components.EventsCalendar\Bluespire.Emerge.Components.EventsCalendar.csproj", "{645A8540-5FA1-4701-8F60-450E4BA0E537}"
EndProject
Project("{FAE04EC0-301F-11D3-BF4B-00C04F79EFBC}") = "Bluespire.Emerge.Components.GenericParsing", "Bluespire.Emerge.Components.GenericParsing\Bluespire.Emerge.Components.GenericParsing.csproj", "{ADD325F8-CBD9-43FE-850D-E2F34D736C9D}"
EndProject
Project("{FAE04EC0-301F-11D3-BF4B-00C04F79EFBC}") = "Bluespire.Emerge.Components.GiftShop", "Bluespire.Emerge.Components.GiftShop\Bluespire.Emerge.Components.GiftShop.csproj", "{45E4AFB7-3A6B-4C57-A530-FB2BD79C5B34}"
EndProject
Project("{FAE04EC0-301F-11D3-BF4B-00C04F79EFBC}") = "Bluespire.Emerge.Components.Location", "Bluespire.Emerge.Components.Location\Bluespire.Emerge.Components.Location.csproj", "{4EAFED96-FF92-402B-A2D2-21795034A7B8}"
EndProject
Project("{FAE04EC0-301F-11D3-BF4B-00C04F79EFBC}") = "Bluespire.Emerge.Components.StaffDirectory", "Bluespire.Emerge.Components.Physician\Bluespire.Emerge.Components.StaffDirectory.csproj", "{585DF3C5-A17F-4571-B30F-44D484F61590}"
EndProject
Project("{FAE04EC0-301F-11D3-BF4B-00C04F79EFBC}") = "Bluespire.Emerge.Components.Rates", "Bluespire.Emerge.Components.Rates\Bluespire.Emerge.Components.Rates.csproj", "{5B17D51A-BF80-485B-9DDC-7B5DFBF55EE3}"
EndProject
Project("{FAE04EC0-301F-11D3-BF4B-00C04F79EFBC}") = "Bluespire.Emerge.Web", "Bluespire.Emerge.Web\Bluespire.Emerge.Web.csproj", "{366A1E03-30B5-442E-841A-1E2CF2050B95}"
EndProject
Project("{FAE04EC0-301F-11D3-BF4B-00C04F79EFBC}") = "Bluespire.Emerge.LicenseManager", "LicenseGenerator\EmergeLicenseManager\Bluespire.Emerge.LicenseManager.csproj", "{A0FDCC0D-2191-4CA7-9510-B6C8FF06CBD4}"
EndProject
Project("{FAE04EC0-301F-11D3-BF4B-00C04F79EFBC}") = "Bluespire.Emerge.Components.PreRegistration", "Bluespire.Emerge.Components.PreRegistration\Bluespire.Emerge.Components.PreRegistration.csproj", "{DFAF40A2-834E-4AA7-B34B-6B3011DF6919}"
EndProject
Project("{2150E333-8FDC-42A3-9474-1A3956D46DE8}") = "Lib", "Lib", "{1C93CA72-7BE4-4DA7-A230-42E161922478}"
	ProjectSection(SolutionItems) = preProject
		Lib\AjaxControlToolkit.dll = Lib\AjaxControlToolkit.dll
		Lib\AjaxMin.dll = Lib\AjaxMin.dll
		Lib\AWSSDK.Core.dll = Lib\AWSSDK.Core.dll
		Lib\AWSSDK.S3.dll = Lib\AWSSDK.S3.dll
		Lib\ClosedXML.dll = Lib\ClosedXML.dll
		Lib\CMS.Activities.dll = Lib\CMS.Activities.dll
		Lib\CMS.Activities.Loggers.dll = Lib\CMS.Activities.Loggers.dll
		Lib\CMS.Activities.Loggers.xml = Lib\CMS.Activities.Loggers.xml
		Lib\CMS.Activities.Web.UI.dll = Lib\CMS.Activities.Web.UI.dll
		Lib\CMS.Activities.Web.UI.XML = Lib\CMS.Activities.Web.UI.XML
		Lib\CMS.Activities.XML = Lib\CMS.Activities.XML
		Lib\CMS.AmazonStorage.dll = Lib\CMS.AmazonStorage.dll
		Lib\CMS.AmazonStorage.xml = Lib\CMS.AmazonStorage.xml
		Lib\CMS.ApplicationDashboard.Web.UI.dll = Lib\CMS.ApplicationDashboard.Web.UI.dll
		Lib\CMS.ApplicationDashboard.Web.UI.XML = Lib\CMS.ApplicationDashboard.Web.UI.XML
		Lib\CMS.Automation.dll = Lib\CMS.Automation.dll
		Lib\CMS.Automation.xml = Lib\CMS.Automation.xml
		Lib\CMS.AzureStorage.dll = Lib\CMS.AzureStorage.dll
		Lib\CMS.AzureStorage.xml = Lib\CMS.AzureStorage.xml
		Lib\CMS.BannerManagement.dll = Lib\CMS.BannerManagement.dll
		Lib\CMS.BannerManagement.xml = Lib\CMS.BannerManagement.xml
		Lib\CMS.Base.dll = Lib\CMS.Base.dll
		Lib\CMS.Base.Web.UI.dll = Lib\CMS.Base.Web.UI.dll
		Lib\CMS.Base.Web.UI.XML = Lib\CMS.Base.Web.UI.XML
		Lib\CMS.Base.xml = Lib\CMS.Base.xml
		Lib\CMS.Blogs.dll = Lib\CMS.Blogs.dll
		Lib\CMS.Blogs.Web.UI.dll = Lib\CMS.Blogs.Web.UI.dll
		Lib\CMS.Blogs.Web.UI.XML = Lib\CMS.Blogs.Web.UI.XML
		Lib\CMS.Blogs.xml = Lib\CMS.Blogs.xml
		Lib\CMS.Chat.dll = Lib\CMS.Chat.dll
		Lib\CMS.Chat.Web.UI.dll = Lib\CMS.Chat.Web.UI.dll
		Lib\CMS.Chat.Web.UI.XML = Lib\CMS.Chat.Web.UI.XML
		Lib\CMS.Chat.xml = Lib\CMS.Chat.xml
		Lib\CMS.CKEditor.Web.UI.dll = Lib\CMS.CKEditor.Web.UI.dll
		Lib\CMS.CKEditor.Web.UI.xml = Lib\CMS.CKEditor.Web.UI.xml
		Lib\CMS.Community.dll = Lib\CMS.Community.dll
		Lib\CMS.Community.Web.UI.dll = Lib\CMS.Community.Web.UI.dll
		Lib\CMS.Community.Web.UI.XML = Lib\CMS.Community.Web.UI.XML
		Lib\CMS.Community.xml = Lib\CMS.Community.xml
		Lib\CMS.ContactManagement.dll = Lib\CMS.ContactManagement.dll
		Lib\CMS.ContactManagement.Web.UI.dll = Lib\CMS.ContactManagement.Web.UI.dll
		Lib\CMS.ContactManagement.Web.UI.XML = Lib\CMS.ContactManagement.Web.UI.XML
		Lib\CMS.ContactManagement.XML = Lib\CMS.ContactManagement.XML
		Lib\CMS.ContinuousIntegration.dll = Lib\CMS.ContinuousIntegration.dll
		Lib\CMS.ContinuousIntegration.xml = Lib\CMS.ContinuousIntegration.xml
		Lib\CMS.Controls.XmlSerializers.dll = Lib\CMS.Controls.XmlSerializers.dll
		Lib\CMS.Core.dll = Lib\CMS.Core.dll
		Lib\CMS.Core.xml = Lib\CMS.Core.xml
		Lib\CMS.CustomTables.dll = Lib\CMS.CustomTables.dll
		Lib\CMS.CustomTables.xml = Lib\CMS.CustomTables.xml
		Lib\CMS.DataCom.dll = Lib\CMS.DataCom.dll
		Lib\CMS.DataCom.Web.UI.dll = Lib\CMS.DataCom.Web.UI.dll
		Lib\CMS.DataCom.Web.UI.XML = Lib\CMS.DataCom.Web.UI.XML
		Lib\CMS.DataCom.xml = Lib\CMS.DataCom.xml
		Lib\CMS.DataEngine.dll = Lib\CMS.DataEngine.dll
		Lib\CMS.DataEngine.xml = Lib\CMS.DataEngine.xml
		Lib\CMS.DataProviderSQL.dll = Lib\CMS.DataProviderSQL.dll
		Lib\CMS.DataProviderSQL.xml = Lib\CMS.DataProviderSQL.xml
		Lib\CMS.DeviceProfiles.dll = Lib\CMS.DeviceProfiles.dll
		Lib\CMS.DeviceProfiles.XML = Lib\CMS.DeviceProfiles.XML
		Lib\CMS.DocumentEngine.dll = Lib\CMS.DocumentEngine.dll
		Lib\CMS.DocumentEngine.Web.UI.dll = Lib\CMS.DocumentEngine.Web.UI.dll
		Lib\CMS.DocumentEngine.Web.UI.dll.config = Lib\CMS.DocumentEngine.Web.UI.dll.config
		Lib\CMS.DocumentEngine.Web.UI.xml = Lib\CMS.DocumentEngine.Web.UI.xml
		Lib\CMS.DocumentEngine.Web.UI.XmlSerializers.dll = Lib\CMS.DocumentEngine.Web.UI.XmlSerializers.dll
		Lib\CMS.DocumentEngine.xml = Lib\CMS.DocumentEngine.xml
		Lib\CMS.DocumentWebServices.dll = Lib\CMS.DocumentWebServices.dll
		Lib\CMS.DocumentWebServices.xml = Lib\CMS.DocumentWebServices.xml
		Lib\CMS.Ecommerce.dll = Lib\CMS.Ecommerce.dll
		Lib\CMS.Ecommerce.Web.UI.dll = Lib\CMS.Ecommerce.Web.UI.dll
		Lib\CMS.Ecommerce.Web.UI.xml = Lib\CMS.Ecommerce.Web.UI.xml
		Lib\CMS.Ecommerce.xml = Lib\CMS.Ecommerce.xml
		Lib\CMS.EmailEngine.dll = Lib\CMS.EmailEngine.dll
		Lib\CMS.EmailEngine.xml = Lib\CMS.EmailEngine.xml
		Lib\CMS.EventLog.dll = Lib\CMS.EventLog.dll
		Lib\CMS.EventLog.xml = Lib\CMS.EventLog.xml
		Lib\CMS.EventManager.dll = Lib\CMS.EventManager.dll
		Lib\CMS.EventManager.xml = Lib\CMS.EventManager.xml
		Lib\CMS.ExternalAuthentication.dll = Lib\CMS.ExternalAuthentication.dll
		Lib\CMS.ExternalAuthentication.Web.UI.dll = Lib\CMS.ExternalAuthentication.Web.UI.dll
		Lib\CMS.ExternalAuthentication.Web.UI.XML = Lib\CMS.ExternalAuthentication.Web.UI.XML
		Lib\CMS.ExternalAuthentication.xml = Lib\CMS.ExternalAuthentication.xml
		Lib\CMS.FileSystemStorage.dll = Lib\CMS.FileSystemStorage.dll
		Lib\CMS.FileSystemStorage.xml = Lib\CMS.FileSystemStorage.xml
		Lib\CMS.FormEngine.dll = Lib\CMS.FormEngine.dll
		Lib\CMS.FormEngine.Web.UI.dll = Lib\CMS.FormEngine.Web.UI.dll
		Lib\CMS.FormEngine.Web.UI.xml = Lib\CMS.FormEngine.Web.UI.xml
		Lib\CMS.FormEngine.xml = Lib\CMS.FormEngine.xml
		Lib\CMS.Forums.dll = Lib\CMS.Forums.dll
		Lib\CMS.Forums.Web.UI.dll = Lib\CMS.Forums.Web.UI.dll
		Lib\CMS.Forums.Web.UI.XML = Lib\CMS.Forums.Web.UI.XML
		Lib\CMS.Forums.xml = Lib\CMS.Forums.xml
		Lib\CMS.Globalization.dll = Lib\CMS.Globalization.dll
		Lib\CMS.Globalization.Web.UI.dll = Lib\CMS.Globalization.Web.UI.dll
		Lib\CMS.Globalization.Web.UI.XML = Lib\CMS.Globalization.Web.UI.XML
		Lib\CMS.Globalization.xml = Lib\CMS.Globalization.xml
		Lib\CMS.HealthMonitoring.dll = Lib\CMS.HealthMonitoring.dll
		Lib\CMS.HealthMonitoring.xml = Lib\CMS.HealthMonitoring.xml
		Lib\CMS.Helpers.dll = Lib\CMS.Helpers.dll
		Lib\CMS.Helpers.xml = Lib\CMS.Helpers.xml
		Lib\CMS.ImportExport.dll = Lib\CMS.ImportExport.dll
		Lib\CMS.ImportExport.dll.config = Lib\CMS.ImportExport.dll.config
		Lib\CMS.ImportExport.xml = Lib\CMS.ImportExport.xml
		Lib\CMS.IO.dll = Lib\CMS.IO.dll
		Lib\CMS.IO.xml = Lib\CMS.IO.xml
		Lib\CMS.LicenseProvider.dll = Lib\CMS.LicenseProvider.dll
		Lib\CMS.LicenseProvider.dll.config = Lib\CMS.LicenseProvider.dll.config
		Lib\CMS.LicenseProvider.xml = Lib\CMS.LicenseProvider.xml
		Lib\CMS.LicenseProvider.XmlSerializers.dll = Lib\CMS.LicenseProvider.XmlSerializers.dll
		Lib\CMS.Localization.dll = Lib\CMS.Localization.dll
		Lib\CMS.Localization.xml = Lib\CMS.Localization.xml
		Lib\CMS.MacroEngine.dll = Lib\CMS.MacroEngine.dll
		Lib\CMS.MacroEngine.xml = Lib\CMS.MacroEngine.xml
		Lib\CMS.MediaLibrary.dll = Lib\CMS.MediaLibrary.dll
		Lib\CMS.MediaLibrary.Web.UI.dll = Lib\CMS.MediaLibrary.Web.UI.dll
		Lib\CMS.MediaLibrary.Web.UI.XML = Lib\CMS.MediaLibrary.Web.UI.XML
		Lib\CMS.MediaLibrary.xml = Lib\CMS.MediaLibrary.xml
		Lib\CMS.Membership.dll = Lib\CMS.Membership.dll
		Lib\CMS.Membership.Web.UI.dll = Lib\CMS.Membership.Web.UI.dll
		Lib\CMS.Membership.Web.UI.XML = Lib\CMS.Membership.Web.UI.XML
		Lib\CMS.Membership.xml = Lib\CMS.Membership.xml
		Lib\CMS.MembershipProvider.dll = Lib\CMS.MembershipProvider.dll
		Lib\CMS.MembershipProvider.xml = Lib\CMS.MembershipProvider.xml
		Lib\CMS.MessageBoards.dll = Lib\CMS.MessageBoards.dll
		Lib\CMS.MessageBoards.Web.UI.dll = Lib\CMS.MessageBoards.Web.UI.dll
		Lib\CMS.MessageBoards.Web.UI.XML = Lib\CMS.MessageBoards.Web.UI.XML
		Lib\CMS.MessageBoards.xml = Lib\CMS.MessageBoards.xml
		Lib\CMS.Messaging.dll = Lib\CMS.Messaging.dll
		Lib\CMS.Messaging.xml = Lib\CMS.Messaging.xml
		Lib\CMS.ModuleLicenses.dll = Lib\CMS.ModuleLicenses.dll
		Lib\CMS.ModuleLicenses.Web.UI.dll = Lib\CMS.ModuleLicenses.Web.UI.dll
		Lib\CMS.ModuleLicenses.Web.UI.XML = Lib\CMS.ModuleLicenses.Web.UI.XML
		Lib\CMS.ModuleLicenses.XML = Lib\CMS.ModuleLicenses.XML
		Lib\CMS.Modules.dll = Lib\CMS.Modules.dll
		Lib\CMS.Modules.xml = Lib\CMS.Modules.xml
		Lib\CMS.ModuleUsageTracking.dll = Lib\CMS.ModuleUsageTracking.dll
		Lib\CMS.ModuleUsageTracking.xml = Lib\CMS.ModuleUsageTracking.xml
		Lib\CMS.Mvc.dll = Lib\CMS.Mvc.dll
		Lib\CMS.Mvc.xml = Lib\CMS.Mvc.xml
		Lib\CMS.Newsletters.dll = Lib\CMS.Newsletters.dll
		Lib\CMS.Newsletters.Web.UI.dll = Lib\CMS.Newsletters.Web.UI.dll
		Lib\CMS.Newsletters.Web.UI.xml = Lib\CMS.Newsletters.Web.UI.xml
		Lib\CMS.Newsletters.xml = Lib\CMS.Newsletters.xml
		Lib\CMS.Notifications.Web.UI.dll = Lib\CMS.Notifications.Web.UI.dll
		Lib\CMS.Notifications.Web.UI.xml = Lib\CMS.Notifications.Web.UI.xml
		Lib\CMS.OnlineForms.dll = Lib\CMS.OnlineForms.dll
		Lib\CMS.OnlineForms.Web.UI.dll = Lib\CMS.OnlineForms.Web.UI.dll
		Lib\CMS.OnlineForms.Web.UI.XML = Lib\CMS.OnlineForms.Web.UI.XML
		Lib\CMS.OnlineForms.xml = Lib\CMS.OnlineForms.xml
		Lib\CMS.OnlineMarketing.dll = Lib\CMS.OnlineMarketing.dll
		Lib\CMS.OnlineMarketing.Web.UI.dll = Lib\CMS.OnlineMarketing.Web.UI.dll
		Lib\CMS.OnlineMarketing.Web.UI.xml = Lib\CMS.OnlineMarketing.Web.UI.xml
		Lib\CMS.OnlineMarketing.xml = Lib\CMS.OnlineMarketing.xml
		Lib\CMS.OutputFilter.dll = Lib\CMS.OutputFilter.dll
		Lib\CMS.OutputFilter.xml = Lib\CMS.OutputFilter.xml
		Lib\CMS.Personas.dll = Lib\CMS.Personas.dll
		Lib\CMS.Personas.Web.UI.dll = Lib\CMS.Personas.Web.UI.dll
		Lib\CMS.Personas.Web.UI.XML = Lib\CMS.Personas.Web.UI.XML
		Lib\CMS.Personas.xml = Lib\CMS.Personas.xml
		Lib\CMS.Polls.dll = Lib\CMS.Polls.dll
		Lib\CMS.Polls.xml = Lib\CMS.Polls.xml
		Lib\CMS.PortalEngine.dll = Lib\CMS.PortalEngine.dll
		Lib\CMS.PortalEngine.Web.UI.dll = Lib\CMS.PortalEngine.Web.UI.dll
		Lib\CMS.PortalEngine.Web.UI.xml = Lib\CMS.PortalEngine.Web.UI.xml
		Lib\CMS.PortalEngine.xml = Lib\CMS.PortalEngine.xml
		Lib\CMS.Protection.dll = Lib\CMS.Protection.dll
		Lib\CMS.Protection.Web.UI.dll = Lib\CMS.Protection.Web.UI.dll
		Lib\CMS.Protection.Web.UI.XML = Lib\CMS.Protection.Web.UI.XML
		Lib\CMS.Protection.xml = Lib\CMS.Protection.xml
		Lib\CMS.Relationships.dll = Lib\CMS.Relationships.dll
		Lib\CMS.Relationships.xml = Lib\CMS.Relationships.xml
		Lib\CMS.Reporting.dll = Lib\CMS.Reporting.dll
		Lib\CMS.Reporting.Web.UI.dll = Lib\CMS.Reporting.Web.UI.dll
		Lib\CMS.Reporting.Web.UI.XML = Lib\CMS.Reporting.Web.UI.XML
		Lib\CMS.Reporting.xml = Lib\CMS.Reporting.xml
		Lib\CMS.ResponsiveImages.dll = Lib\CMS.ResponsiveImages.dll
		Lib\CMS.ResponsiveImages.xml = Lib\CMS.ResponsiveImages.xml
		Lib\CMS.Routing.Web.dll = Lib\CMS.Routing.Web.dll
		Lib\CMS.Routing.Web.xml = Lib\CMS.Routing.Web.xml
		Lib\CMS.SalesForce.dll = Lib\CMS.SalesForce.dll
		Lib\CMS.SalesForce.xml = Lib\CMS.SalesForce.xml
		Lib\CMS.Scheduler.dll = Lib\CMS.Scheduler.dll
		Lib\CMS.Scheduler.xml = Lib\CMS.Scheduler.xml
		Lib\CMS.Search.dll = Lib\CMS.Search.dll
		Lib\CMS.Search.Lucene3.dll = Lib\CMS.Search.Lucene3.dll
		Lib\CMS.Search.Lucene3.xml = Lib\CMS.Search.Lucene3.xml
		Lib\CMS.Search.TextExtractors.dll = Lib\CMS.Search.TextExtractors.dll
		Lib\CMS.Search.TextExtractors.xml = Lib\CMS.Search.TextExtractors.xml
		Lib\CMS.Search.xml = Lib\CMS.Search.xml
		Lib\CMS.SearchProviderSQL.dll = Lib\CMS.SearchProviderSQL.dll
		Lib\CMS.SearchProviderSQL.xml = Lib\CMS.SearchProviderSQL.xml
		Lib\CMS.SharePoint.dll = Lib\CMS.SharePoint.dll
		Lib\CMS.SharePoint.Web.UI.dll = Lib\CMS.SharePoint.Web.UI.dll
		Lib\CMS.SharePoint.Web.UI.XML = Lib\CMS.SharePoint.Web.UI.XML
		Lib\CMS.SharePoint.xml = Lib\CMS.SharePoint.xml
		Lib\CMS.SiteProvider.dll = Lib\CMS.SiteProvider.dll
		Lib\CMS.SiteProvider.xml = Lib\CMS.SiteProvider.xml
		Lib\CMS.SocialMarketing.dll = Lib\CMS.SocialMarketing.dll
		Lib\CMS.SocialMarketing.dll.config = Lib\CMS.SocialMarketing.dll.config
		Lib\CMS.SocialMarketing.Web.UI.dll = Lib\CMS.SocialMarketing.Web.UI.dll
		Lib\CMS.SocialMarketing.Web.UI.xml = Lib\CMS.SocialMarketing.Web.UI.xml
		Lib\CMS.SocialMarketing.xml = Lib\CMS.SocialMarketing.xml
		Lib\CMS.StrandsRecommender.dll = Lib\CMS.StrandsRecommender.dll
		Lib\CMS.StrandsRecommender.Web.UI.dll = Lib\CMS.StrandsRecommender.Web.UI.dll
		Lib\CMS.StrandsRecommender.Web.UI.XML = Lib\CMS.StrandsRecommender.Web.UI.XML
		Lib\CMS.StrandsRecommender.xml = Lib\CMS.StrandsRecommender.xml
		Lib\CMS.Synchronization.dll = Lib\CMS.Synchronization.dll
		Lib\CMS.Synchronization.dll.config = Lib\CMS.Synchronization.dll.config
		Lib\CMS.Synchronization.Web.UI.dll = Lib\CMS.Synchronization.Web.UI.dll
		Lib\CMS.Synchronization.Web.UI.XML = Lib\CMS.Synchronization.Web.UI.XML
		Lib\CMS.Synchronization.WSE3.dll = Lib\CMS.Synchronization.WSE3.dll
		Lib\CMS.Synchronization.WSE3.xml = Lib\CMS.Synchronization.WSE3.xml
		Lib\CMS.Synchronization.xml = Lib\CMS.Synchronization.xml
		Lib\CMS.SynchronizationEngine.dll = Lib\CMS.SynchronizationEngine.dll
		Lib\CMS.SynchronizationEngine.dll.config = Lib\CMS.SynchronizationEngine.dll.config
		Lib\CMS.SynchronizationEngine.xml = Lib\CMS.SynchronizationEngine.xml
		Lib\CMS.Taxonomy.dll = Lib\CMS.Taxonomy.dll
		Lib\CMS.Taxonomy.xml = Lib\CMS.Taxonomy.xml
		Lib\CMS.TranslationServices.dll = Lib\CMS.TranslationServices.dll
		Lib\CMS.TranslationServices.Web.UI.dll = Lib\CMS.TranslationServices.Web.UI.dll
		Lib\CMS.TranslationServices.Web.UI.XML = Lib\CMS.TranslationServices.Web.UI.XML
		Lib\CMS.TranslationServices.xml = Lib\CMS.TranslationServices.xml
		Lib\CMS.UIControls.dll = Lib\CMS.UIControls.dll
		Lib\CMS.UIControls.xml = Lib\CMS.UIControls.xml
		Lib\CMS.URLRewritingEngine.dll = Lib\CMS.URLRewritingEngine.dll
		Lib\CMS.URLRewritingEngine.xml = Lib\CMS.URLRewritingEngine.xml
		Lib\CMS.VirtualPathProvider.dll = Lib\CMS.VirtualPathProvider.dll
		Lib\CMS.VirtualPathProvider.xml = Lib\CMS.VirtualPathProvider.xml
		Lib\CMS.WebAnalytics.dll = Lib\CMS.WebAnalytics.dll
		Lib\CMS.WebAnalytics.Web.UI.dll = Lib\CMS.WebAnalytics.Web.UI.dll
		Lib\CMS.WebAnalytics.Web.UI.XML = Lib\CMS.WebAnalytics.Web.UI.XML
		Lib\CMS.WebAnalytics.xml = Lib\CMS.WebAnalytics.xml
		Lib\CMS.WebApi.dll = Lib\CMS.WebApi.dll
		Lib\CMS.WebApi.xml = Lib\CMS.WebApi.xml
		Lib\CMS.WebDAV.dll = Lib\CMS.WebDAV.dll
		Lib\CMS.WebDAV.Web.UI.dll = Lib\CMS.WebDAV.Web.UI.dll
		Lib\CMS.WebDAV.Web.UI.XML = Lib\CMS.WebDAV.Web.UI.XML
		Lib\CMS.WebDAV.xml = Lib\CMS.WebDAV.xml
		Lib\CMS.WebFarmSync.dll = Lib\CMS.WebFarmSync.dll
		Lib\CMS.WebFarmSync.xml = Lib\CMS.WebFarmSync.xml
		Lib\CMS.WebServices.dll = Lib\CMS.WebServices.dll
		Lib\CMS.WebServices.xml = Lib\CMS.WebServices.xml
		Lib\CMS.WIFIntegration.dll = Lib\CMS.WIFIntegration.dll
		Lib\CMS.WIFIntegration.xml = Lib\CMS.WIFIntegration.xml
		Lib\CMS.WinServiceEngine.dll = Lib\CMS.WinServiceEngine.dll
		Lib\CMS.WinServiceEngine.xml = Lib\CMS.WinServiceEngine.xml
		Lib\CMS.WorkflowEngine.dll = Lib\CMS.WorkflowEngine.dll
		Lib\CMS.WorkflowEngine.Web.UI.dll = Lib\CMS.WorkflowEngine.Web.UI.dll
		Lib\CMS.WorkflowEngine.Web.UI.XML = Lib\CMS.WorkflowEngine.Web.UI.XML
		Lib\CMS.WorkflowEngine.xml = Lib\CMS.WorkflowEngine.xml
		Lib\ContinuousIntegration.exe = Lib\ContinuousIntegration.exe
		Lib\ContinuousIntegration.exe.config = Lib\ContinuousIntegration.exe.config
		Lib\DocumentFormat.OpenXml.dll = Lib\DocumentFormat.OpenXml.dll
		Lib\dotless.Core.dll = Lib\dotless.Core.dll
		Lib\DotNetOpenAuth.dll = Lib\DotNetOpenAuth.dll
		Lib\Facebook.dll = Lib\Facebook.dll
		Lib\FiftyOne.Foundation.dll = Lib\FiftyOne.Foundation.dll
		Lib\FiftyOne.Foundation.xml = Lib\FiftyOne.Foundation.xml
		Lib\GlobalLink.ProjectDirector.WebServices.dll = Lib\GlobalLink.ProjectDirector.WebServices.dll
		Lib\HealthMonitoringService.exe = Lib\HealthMonitoringService.exe
		Lib\HtmlAgilityPack.dll = Lib\HtmlAgilityPack.dll
		Lib\ICSharpCode.SharpZipLib.dll = Lib\ICSharpCode.SharpZipLib.dll
		Lib\ITHit.WebDAV.Server.dll = Lib\ITHit.WebDAV.Server.dll
		Lib\ITHit.WebDAV.Server.xml = Lib\ITHit.WebDAV.Server.xml
		Lib\LinkedIn.dll = Lib\LinkedIn.dll
		Lib\Lucene.Net.v3.dll = Lib\Lucene.Net.v3.dll
		Lib\Lucene.Net.WordNet.SynExpand.dll = Lib\Lucene.Net.WordNet.SynExpand.dll
		Lib\MaxMindGEOIP.dll = Lib\MaxMindGEOIP.dll
		Lib\Microsoft.IdentityModel.dll = Lib\Microsoft.IdentityModel.dll
		Lib\Microsoft.SharePoint.Client.dll = Lib\Microsoft.SharePoint.Client.dll
		Lib\Microsoft.SharePoint.Client.Runtime.dll = Lib\Microsoft.SharePoint.Client.Runtime.dll
		Lib\Microsoft.SqlServer.TransactSql.ScriptDom.dll = Lib\Microsoft.SqlServer.TransactSql.ScriptDom.dll
		Lib\Microsoft.Web.Services3.dll = Lib\Microsoft.Web.Services3.dll
		Lib\Mono.Cecil.dll = Lib\Mono.Cecil.dll
		Lib\Mono.Cecil.Mdb.dll = Lib\Mono.Cecil.Mdb.dll
		Lib\Mono.Cecil.Rocks.dll = Lib\Mono.Cecil.Rocks.dll
		Lib\NetSpell.SpellChecker.dll = Lib\NetSpell.SpellChecker.dll
		Lib\NuGet.Core.dll = Lib\NuGet.Core.dll
		Lib\OpenPop.dll = Lib\OpenPop.dll
		Lib\PDFClown.dll = Lib\PDFClown.dll
		Lib\SchedulerService.exe = Lib\SchedulerService.exe
		Lib\System.Data.HashFunction.Core.dll = Lib\System.Data.HashFunction.Core.dll
		Lib\System.Data.HashFunction.Core.xml = Lib\System.Data.HashFunction.Core.xml
		Lib\System.Data.HashFunction.CRC.dll = Lib\System.Data.HashFunction.CRC.dll
		Lib\System.Data.HashFunction.CRC.xml = Lib\System.Data.HashFunction.CRC.xml
		Lib\System.Data.HashFunction.Interfaces.dll = Lib\System.Data.HashFunction.Interfaces.dll
		Lib\System.Data.HashFunction.Interfaces.xml = Lib\System.Data.HashFunction.Interfaces.xml
		Lib\System.Net.Http.Formatting.xml = Lib\System.Net.Http.Formatting.xml
		Lib\System.Web.Http.WebHost.xml = Lib\System.Web.Http.WebHost.xml
		Lib\System.Web.Http.xml = Lib\System.Web.Http.xml
		Lib\ThoughtWorks.QRCode.dll = Lib\ThoughtWorks.QRCode.dll
		Lib\Ude.dll = Lib\Ude.dll
	EndProjectSection
EndProject
Project("{2150E333-8FDC-42A3-9474-1A3956D46DE8}") = "Azure", "Azure", "{49F9FB3C-0E27-4180-AE3F-15B430A733FE}"
	ProjectSection(SolutionItems) = preProject
		Lib\Azure\Microsoft.Data.Edm.dll = Lib\Azure\Microsoft.Data.Edm.dll
		Lib\Azure\Microsoft.Data.Edm.xml = Lib\Azure\Microsoft.Data.Edm.xml
		Lib\Azure\Microsoft.Data.OData.dll = Lib\Azure\Microsoft.Data.OData.dll
		Lib\Azure\Microsoft.Data.OData.xml = Lib\Azure\Microsoft.Data.OData.xml
		Lib\Azure\Microsoft.Data.Services.Client.dll = Lib\Azure\Microsoft.Data.Services.Client.dll
		Lib\Azure\Microsoft.Data.Services.Client.xml = Lib\Azure\Microsoft.Data.Services.Client.xml
		Lib\Azure\Microsoft.WindowsAzure.Configuration.dll = Lib\Azure\Microsoft.WindowsAzure.Configuration.dll
		Lib\Azure\Microsoft.WindowsAzure.Configuration.xml = Lib\Azure\Microsoft.WindowsAzure.Configuration.xml
		Lib\Azure\Microsoft.WindowsAzure.Storage.dll = Lib\Azure\Microsoft.WindowsAzure.Storage.dll
		Lib\Azure\Microsoft.WindowsAzure.Storage.xml = Lib\Azure\Microsoft.WindowsAzure.Storage.xml
		Lib\Azure\System.Spatial.dll = Lib\Azure\System.Spatial.dll
		Lib\Azure\System.Spatial.xml = Lib\Azure\System.Spatial.xml
	EndProjectSection
EndProject
Project("{2150E333-8FDC-42A3-9474-1A3956D46DE8}") = "MVC", "MVC", "{F0F8C477-CE28-4BCA-8204-484BC22D3761}"
	ProjectSection(SolutionItems) = preProject
		Lib\MVC\CMS.Mvc4.Impl.dll = Lib\MVC\CMS.Mvc4.Impl.dll
		Lib\MVC\Microsoft.Web.Infrastructure.dll = Lib\MVC\Microsoft.Web.Infrastructure.dll
		Lib\MVC\Microsoft.Web.Mvc.FixedDisplayModes.dll = Lib\MVC\Microsoft.Web.Mvc.FixedDisplayModes.dll
		Lib\MVC\System.Net.Http.dll = Lib\MVC\System.Net.Http.dll
		Lib\MVC\System.Net.Http.Formatting.dll = Lib\MVC\System.Net.Http.Formatting.dll
		Lib\MVC\System.Net.Http.Formatting.xml = Lib\MVC\System.Net.Http.Formatting.xml
		Lib\MVC\System.Net.Http.WebRequest.dll = Lib\MVC\System.Net.Http.WebRequest.dll
		Lib\MVC\System.Net.Http.WebRequest.xml = Lib\MVC\System.Net.Http.WebRequest.xml
		Lib\MVC\System.Net.Http.xml = Lib\MVC\System.Net.Http.xml
		Lib\MVC\System.Web.Helpers.dll = Lib\MVC\System.Web.Helpers.dll
		Lib\MVC\System.Web.Helpers.xml = Lib\MVC\System.Web.Helpers.xml
		Lib\MVC\System.Web.Http.dll = Lib\MVC\System.Web.Http.dll
		Lib\MVC\System.Web.Http.WebHost.dll = Lib\MVC\System.Web.Http.WebHost.dll
		Lib\MVC\System.Web.Http.WebHost.xml = Lib\MVC\System.Web.Http.WebHost.xml
		Lib\MVC\System.Web.Http.xml = Lib\MVC\System.Web.Http.xml
		Lib\MVC\System.Web.Mvc.dll = Lib\MVC\System.Web.Mvc.dll
		Lib\MVC\System.Web.Mvc.xml = Lib\MVC\System.Web.Mvc.xml
		Lib\MVC\System.Web.Razor.dll = Lib\MVC\System.Web.Razor.dll
		Lib\MVC\System.Web.Razor.xml = Lib\MVC\System.Web.Razor.xml
		Lib\MVC\System.Web.WebPages.Deployment.dll = Lib\MVC\System.Web.WebPages.Deployment.dll
		Lib\MVC\System.Web.WebPages.Deployment.xml = Lib\MVC\System.Web.WebPages.Deployment.xml
		Lib\MVC\System.Web.WebPages.dll = Lib\MVC\System.Web.WebPages.dll
		Lib\MVC\System.Web.WebPages.Razor.dll = Lib\MVC\System.Web.WebPages.Razor.dll
		Lib\MVC\System.Web.WebPages.Razor.xml = Lib\MVC\System.Web.WebPages.Razor.xml
		Lib\MVC\System.Web.WebPages.xml = Lib\MVC\System.Web.WebPages.xml
	EndProjectSection
EndProject
Global
	GlobalSection(TeamFoundationVersionControl) = preSolution
		SccNumberOfProjects = 16
		SccEnterpriseProvider = {4CA58AB2-18FA-4F8D-95D4-32DDF27D184C}
		SccTeamFoundationServer = https://bluespiremarketing.visualstudio.com/
		SccLocalPath0 = .
		SccProjectUniqueName1 = Bluespire.Emerge.Common\\Bluespire.Emerge.Common.csproj
		SccProjectName1 = Bluespire.Emerge.Common
		SccLocalPath1 = Bluespire.Emerge.Common
		SccProjectUniqueName2 = Bluespire.Emerge.CommonService\\Bluespire.Emerge.CommonService.csproj
		SccProjectName2 = Bluespire.Emerge.CommonService
		SccLocalPath2 = Bluespire.Emerge.CommonService
		SccProjectUniqueName3 = Bluespire.Emerge.Components.Careers\\Bluespire.Emerge.Components.Career.csproj
		SccProjectName3 = Bluespire.Emerge.Components.Careers
		SccLocalPath3 = Bluespire.Emerge.Components.Careers
		SccProjectUniqueName4 = Bluespire.Emerge.Components.CheerCard\\Bluespire.Emerge.Components.CheerCard.csproj
		SccProjectName4 = Bluespire.Emerge.Components.CheerCard
		SccLocalPath4 = Bluespire.Emerge.Components.CheerCard
		SccProjectUniqueName5 = Bluespire.Emerge.Components.Donation\\Bluespire.Emerge.Components.Donation.csproj
		SccProjectName5 = Bluespire.Emerge.Components.Donation
		SccLocalPath5 = Bluespire.Emerge.Components.Donation
		SccProjectUniqueName6 = Bluespire.Emerge.Components.EventsCalendar\\Bluespire.Emerge.Components.EventsCalendar.csproj
		SccProjectName6 = Bluespire.Emerge.Components.EventsCalendar
		SccLocalPath6 = Bluespire.Emerge.Components.EventsCalendar
		SccProjectUniqueName7 = Bluespire.Emerge.Components.GenericParsing\\Bluespire.Emerge.Components.GenericParsing.csproj
		SccProjectName7 = Bluespire.Emerge.Components.GenericParsing
		SccLocalPath7 = Bluespire.Emerge.Components.GenericParsing
		SccProjectUniqueName8 = Bluespire.Emerge.Components.GiftShop\\Bluespire.Emerge.Components.GiftShop.csproj
		SccProjectName8 = Bluespire.Emerge.Components.GiftShop
		SccLocalPath8 = Bluespire.Emerge.Components.GiftShop
		SccProjectUniqueName9 = Bluespire.Emerge.Components.Location\\Bluespire.Emerge.Components.Location.csproj
		SccProjectName9 = Bluespire.Emerge.Components.Location
		SccLocalPath9 = Bluespire.Emerge.Components.Location
		SccProjectUniqueName10 = Bluespire.Emerge.Components.Physician\\Bluespire.Emerge.Components.StaffDirectory.csproj
		SccProjectName10 = Bluespire.Emerge.Components.Physician
		SccLocalPath10 = Bluespire.Emerge.Components.Physician
		SccProjectUniqueName11 = Bluespire.Emerge.Components.PreRegistration\\Bluespire.Emerge.Components.PreRegistration.csproj
		SccProjectName11 = Bluespire.Emerge.Components.PreRegistration
		SccLocalPath11 = Bluespire.Emerge.Components.PreRegistration
		SccProjectUniqueName12 = Bluespire.Emerge.Components.Rates\\Bluespire.Emerge.Components.Rates.csproj
		SccProjectName12 = Bluespire.Emerge.Components.Rates
		SccLocalPath12 = Bluespire.Emerge.Components.Rates
		SccProjectUniqueName13 = Bluespire.Emerge.Web\\Bluespire.Emerge.Web.csproj
		SccProjectName13 = Bluespire.Emerge.Web
		SccLocalPath13 = Bluespire.Emerge.Web
		SccWebProject14 = true
		SccProjectUniqueName14 = http://localhost:49209
		SccProjectName14 = CMS
		SccLocalPath14 = CMS
		SccProjectEnlistmentChoice14 = 2
		SccProjectUniqueName15 = LicenseGenerator\\EmergeLicenseManager\\Bluespire.Emerge.LicenseManager.csproj
		SccProjectName15 = LicenseGenerator/EmergeLicenseManager
		SccLocalPath15 = LicenseGenerator\\EmergeLicenseManager
	EndGlobalSection
	GlobalSection(SolutionConfigurationPlatforms) = preSolution
		Debug|Any CPU = Debug|Any CPU
		Debug|Mixed Platforms = Debug|Mixed Platforms
		Release|Any CPU = Release|Any CPU
		Release|Mixed Platforms = Release|Mixed Platforms
	EndGlobalSection
	GlobalSection(ProjectConfigurationPlatforms) = postSolution
		{420F4FED-2F28-4BE5-8CEA-9A6B9A57558B}.Debug|Any CPU.ActiveCfg = Debug|Any CPU
		{420F4FED-2F28-4BE5-8CEA-9A6B9A57558B}.Debug|Any CPU.Build.0 = Debug|Any CPU
		{420F4FED-2F28-4BE5-8CEA-9A6B9A57558B}.Debug|Mixed Platforms.ActiveCfg = Debug|Any CPU
		{420F4FED-2F28-4BE5-8CEA-9A6B9A57558B}.Debug|Mixed Platforms.Build.0 = Debug|Any CPU
		{420F4FED-2F28-4BE5-8CEA-9A6B9A57558B}.Release|Any CPU.ActiveCfg = Debug|Any CPU
		{420F4FED-2F28-4BE5-8CEA-9A6B9A57558B}.Release|Any CPU.Build.0 = Debug|Any CPU
		{420F4FED-2F28-4BE5-8CEA-9A6B9A57558B}.Release|Mixed Platforms.ActiveCfg = Debug|Any CPU
		{420F4FED-2F28-4BE5-8CEA-9A6B9A57558B}.Release|Mixed Platforms.Build.0 = Debug|Any CPU
		{007000C5-02AA-4563-AE2A-29EE077EE1B8}.Debug|Any CPU.ActiveCfg = Debug|Any CPU
		{007000C5-02AA-4563-AE2A-29EE077EE1B8}.Debug|Mixed Platforms.ActiveCfg = Debug|Any CPU
		{007000C5-02AA-4563-AE2A-29EE077EE1B8}.Debug|Mixed Platforms.Build.0 = Debug|Any CPU
		{007000C5-02AA-4563-AE2A-29EE077EE1B8}.Release|Any CPU.ActiveCfg = Release|Any CPU
		{007000C5-02AA-4563-AE2A-29EE077EE1B8}.Release|Any CPU.Build.0 = Release|Any CPU
		{007000C5-02AA-4563-AE2A-29EE077EE1B8}.Release|Mixed Platforms.ActiveCfg = Release|Any CPU
		{007000C5-02AA-4563-AE2A-29EE077EE1B8}.Release|Mixed Platforms.Build.0 = Release|Any CPU
		{BC7E72F9-C9E5-452E-83C5-681876E0D3E9}.Debug|Any CPU.ActiveCfg = Debug|Any CPU
		{BC7E72F9-C9E5-452E-83C5-681876E0D3E9}.Debug|Mixed Platforms.ActiveCfg = Debug|Any CPU
		{BC7E72F9-C9E5-452E-83C5-681876E0D3E9}.Debug|Mixed Platforms.Build.0 = Debug|Any CPU
		{BC7E72F9-C9E5-452E-83C5-681876E0D3E9}.Release|Any CPU.ActiveCfg = Release|Any CPU
		{BC7E72F9-C9E5-452E-83C5-681876E0D3E9}.Release|Any CPU.Build.0 = Release|Any CPU
		{BC7E72F9-C9E5-452E-83C5-681876E0D3E9}.Release|Mixed Platforms.ActiveCfg = Release|Any CPU
		{BC7E72F9-C9E5-452E-83C5-681876E0D3E9}.Release|Mixed Platforms.Build.0 = Release|Any CPU
		{32A491AE-8C10-4515-877F-0E7C6BD32707}.Debug|Any CPU.ActiveCfg = Debug|Any CPU
		{32A491AE-8C10-4515-877F-0E7C6BD32707}.Debug|Mixed Platforms.ActiveCfg = Debug|Any CPU
		{32A491AE-8C10-4515-877F-0E7C6BD32707}.Debug|Mixed Platforms.Build.0 = Debug|Any CPU
		{32A491AE-8C10-4515-877F-0E7C6BD32707}.Release|Any CPU.ActiveCfg = Release|Any CPU
		{32A491AE-8C10-4515-877F-0E7C6BD32707}.Release|Any CPU.Build.0 = Release|Any CPU
		{32A491AE-8C10-4515-877F-0E7C6BD32707}.Release|Mixed Platforms.ActiveCfg = Release|Any CPU
		{32A491AE-8C10-4515-877F-0E7C6BD32707}.Release|Mixed Platforms.Build.0 = Release|Any CPU
		{AB9442F7-AC43-4050-836A-A50A61D8AD5C}.Debug|Any CPU.ActiveCfg = Debug|Any CPU
		{AB9442F7-AC43-4050-836A-A50A61D8AD5C}.Debug|Mixed Platforms.ActiveCfg = Debug|Any CPU
		{AB9442F7-AC43-4050-836A-A50A61D8AD5C}.Debug|Mixed Platforms.Build.0 = Debug|Any CPU
		{AB9442F7-AC43-4050-836A-A50A61D8AD5C}.Release|Any CPU.ActiveCfg = Release|Any CPU
		{AB9442F7-AC43-4050-836A-A50A61D8AD5C}.Release|Any CPU.Build.0 = Release|Any CPU
		{AB9442F7-AC43-4050-836A-A50A61D8AD5C}.Release|Mixed Platforms.ActiveCfg = Release|Any CPU
		{AB9442F7-AC43-4050-836A-A50A61D8AD5C}.Release|Mixed Platforms.Build.0 = Release|Any CPU
		{265AA0FA-68F0-43BE-AE9E-1D99AB3975D8}.Debug|Any CPU.ActiveCfg = Debug|Any CPU
		{265AA0FA-68F0-43BE-AE9E-1D99AB3975D8}.Debug|Mixed Platforms.ActiveCfg = Debug|Any CPU
		{265AA0FA-68F0-43BE-AE9E-1D99AB3975D8}.Debug|Mixed Platforms.Build.0 = Debug|Any CPU
		{265AA0FA-68F0-43BE-AE9E-1D99AB3975D8}.Release|Any CPU.ActiveCfg = Release|Any CPU
		{265AA0FA-68F0-43BE-AE9E-1D99AB3975D8}.Release|Any CPU.Build.0 = Release|Any CPU
		{265AA0FA-68F0-43BE-AE9E-1D99AB3975D8}.Release|Mixed Platforms.ActiveCfg = Release|Any CPU
		{265AA0FA-68F0-43BE-AE9E-1D99AB3975D8}.Release|Mixed Platforms.Build.0 = Release|Any CPU
		{645A8540-5FA1-4701-8F60-450E4BA0E537}.Debug|Any CPU.ActiveCfg = Debug|Any CPU
		{645A8540-5FA1-4701-8F60-450E4BA0E537}.Debug|Mixed Platforms.ActiveCfg = Debug|Any CPU
		{645A8540-5FA1-4701-8F60-450E4BA0E537}.Debug|Mixed Platforms.Build.0 = Debug|Any CPU
		{645A8540-5FA1-4701-8F60-450E4BA0E537}.Release|Any CPU.ActiveCfg = Release|Any CPU
		{645A8540-5FA1-4701-8F60-450E4BA0E537}.Release|Any CPU.Build.0 = Release|Any CPU
		{645A8540-5FA1-4701-8F60-450E4BA0E537}.Release|Mixed Platforms.ActiveCfg = Release|Any CPU
		{645A8540-5FA1-4701-8F60-450E4BA0E537}.Release|Mixed Platforms.Build.0 = Release|Any CPU
		{ADD325F8-CBD9-43FE-850D-E2F34D736C9D}.Debug|Any CPU.ActiveCfg = Debug|Any CPU
		{ADD325F8-CBD9-43FE-850D-E2F34D736C9D}.Debug|Mixed Platforms.ActiveCfg = Debug|Any CPU
		{ADD325F8-CBD9-43FE-850D-E2F34D736C9D}.Debug|Mixed Platforms.Build.0 = Debug|Any CPU
		{ADD325F8-CBD9-43FE-850D-E2F34D736C9D}.Release|Any CPU.ActiveCfg = Release|Any CPU
		{ADD325F8-CBD9-43FE-850D-E2F34D736C9D}.Release|Any CPU.Build.0 = Release|Any CPU
		{ADD325F8-CBD9-43FE-850D-E2F34D736C9D}.Release|Mixed Platforms.ActiveCfg = Release|Any CPU
		{ADD325F8-CBD9-43FE-850D-E2F34D736C9D}.Release|Mixed Platforms.Build.0 = Release|Any CPU
		{45E4AFB7-3A6B-4C57-A530-FB2BD79C5B34}.Debug|Any CPU.ActiveCfg = Debug|Any CPU
		{45E4AFB7-3A6B-4C57-A530-FB2BD79C5B34}.Debug|Mixed Platforms.ActiveCfg = Debug|Any CPU
		{45E4AFB7-3A6B-4C57-A530-FB2BD79C5B34}.Debug|Mixed Platforms.Build.0 = Debug|Any CPU
		{45E4AFB7-3A6B-4C57-A530-FB2BD79C5B34}.Release|Any CPU.ActiveCfg = Release|Any CPU
		{45E4AFB7-3A6B-4C57-A530-FB2BD79C5B34}.Release|Any CPU.Build.0 = Release|Any CPU
		{45E4AFB7-3A6B-4C57-A530-FB2BD79C5B34}.Release|Mixed Platforms.ActiveCfg = Release|Any CPU
		{45E4AFB7-3A6B-4C57-A530-FB2BD79C5B34}.Release|Mixed Platforms.Build.0 = Release|Any CPU
		{4EAFED96-FF92-402B-A2D2-21795034A7B8}.Debug|Any CPU.ActiveCfg = Debug|Any CPU
		{4EAFED96-FF92-402B-A2D2-21795034A7B8}.Debug|Mixed Platforms.ActiveCfg = Debug|Any CPU
		{4EAFED96-FF92-402B-A2D2-21795034A7B8}.Debug|Mixed Platforms.Build.0 = Debug|Any CPU
		{4EAFED96-FF92-402B-A2D2-21795034A7B8}.Release|Any CPU.ActiveCfg = Release|Any CPU
		{4EAFED96-FF92-402B-A2D2-21795034A7B8}.Release|Any CPU.Build.0 = Release|Any CPU
		{4EAFED96-FF92-402B-A2D2-21795034A7B8}.Release|Mixed Platforms.ActiveCfg = Release|Any CPU
		{4EAFED96-FF92-402B-A2D2-21795034A7B8}.Release|Mixed Platforms.Build.0 = Release|Any CPU
		{585DF3C5-A17F-4571-B30F-44D484F61590}.Debug|Any CPU.ActiveCfg = Debug|Any CPU
		{585DF3C5-A17F-4571-B30F-44D484F61590}.Debug|Mixed Platforms.ActiveCfg = Debug|Any CPU
		{585DF3C5-A17F-4571-B30F-44D484F61590}.Debug|Mixed Platforms.Build.0 = Debug|Any CPU
		{585DF3C5-A17F-4571-B30F-44D484F61590}.Release|Any CPU.ActiveCfg = Release|Any CPU
		{585DF3C5-A17F-4571-B30F-44D484F61590}.Release|Any CPU.Build.0 = Release|Any CPU
		{585DF3C5-A17F-4571-B30F-44D484F61590}.Release|Mixed Platforms.ActiveCfg = Release|Any CPU
		{585DF3C5-A17F-4571-B30F-44D484F61590}.Release|Mixed Platforms.Build.0 = Release|Any CPU
		{5B17D51A-BF80-485B-9DDC-7B5DFBF55EE3}.Debug|Any CPU.ActiveCfg = Debug|Any CPU
		{5B17D51A-BF80-485B-9DDC-7B5DFBF55EE3}.Debug|Mixed Platforms.ActiveCfg = Debug|Any CPU
		{5B17D51A-BF80-485B-9DDC-7B5DFBF55EE3}.Debug|Mixed Platforms.Build.0 = Debug|Any CPU
		{5B17D51A-BF80-485B-9DDC-7B5DFBF55EE3}.Release|Any CPU.ActiveCfg = Release|Any CPU
		{5B17D51A-BF80-485B-9DDC-7B5DFBF55EE3}.Release|Any CPU.Build.0 = Release|Any CPU
		{5B17D51A-BF80-485B-9DDC-7B5DFBF55EE3}.Release|Mixed Platforms.ActiveCfg = Release|Any CPU
		{5B17D51A-BF80-485B-9DDC-7B5DFBF55EE3}.Release|Mixed Platforms.Build.0 = Release|Any CPU
		{366A1E03-30B5-442E-841A-1E2CF2050B95}.Debug|Any CPU.ActiveCfg = Debug|Any CPU
		{366A1E03-30B5-442E-841A-1E2CF2050B95}.Debug|Mixed Platforms.ActiveCfg = Debug|Any CPU
		{366A1E03-30B5-442E-841A-1E2CF2050B95}.Debug|Mixed Platforms.Build.0 = Debug|Any CPU
		{366A1E03-30B5-442E-841A-1E2CF2050B95}.Release|Any CPU.ActiveCfg = Release|Any CPU
		{366A1E03-30B5-442E-841A-1E2CF2050B95}.Release|Any CPU.Build.0 = Release|Any CPU
		{366A1E03-30B5-442E-841A-1E2CF2050B95}.Release|Mixed Platforms.ActiveCfg = Release|Any CPU
		{366A1E03-30B5-442E-841A-1E2CF2050B95}.Release|Mixed Platforms.Build.0 = Release|Any CPU
		{A0FDCC0D-2191-4CA7-9510-B6C8FF06CBD4}.Debug|Any CPU.ActiveCfg = Debug|Any CPU
		{A0FDCC0D-2191-4CA7-9510-B6C8FF06CBD4}.Debug|Mixed Platforms.ActiveCfg = Debug|Any CPU
		{A0FDCC0D-2191-4CA7-9510-B6C8FF06CBD4}.Debug|Mixed Platforms.Build.0 = Debug|Any CPU
		{A0FDCC0D-2191-4CA7-9510-B6C8FF06CBD4}.Release|Any CPU.ActiveCfg = Release|Any CPU
		{A0FDCC0D-2191-4CA7-9510-B6C8FF06CBD4}.Release|Any CPU.Build.0 = Release|Any CPU
		{A0FDCC0D-2191-4CA7-9510-B6C8FF06CBD4}.Release|Mixed Platforms.ActiveCfg = Release|Any CPU
		{A0FDCC0D-2191-4CA7-9510-B6C8FF06CBD4}.Release|Mixed Platforms.Build.0 = Release|Any CPU
		{DFAF40A2-834E-4AA7-B34B-6B3011DF6919}.Debug|Any CPU.ActiveCfg = Debug|Any CPU
		{DFAF40A2-834E-4AA7-B34B-6B3011DF6919}.Debug|Mixed Platforms.ActiveCfg = Debug|Any CPU
		{DFAF40A2-834E-4AA7-B34B-6B3011DF6919}.Debug|Mixed Platforms.Build.0 = Debug|Any CPU
		{DFAF40A2-834E-4AA7-B34B-6B3011DF6919}.Release|Any CPU.ActiveCfg = Release|Any CPU
		{DFAF40A2-834E-4AA7-B34B-6B3011DF6919}.Release|Any CPU.Build.0 = Release|Any CPU
		{DFAF40A2-834E-4AA7-B34B-6B3011DF6919}.Release|Mixed Platforms.ActiveCfg = Release|Any CPU
		{DFAF40A2-834E-4AA7-B34B-6B3011DF6919}.Release|Mixed Platforms.Build.0 = Release|Any CPU
	EndGlobalSection
	GlobalSection(SolutionProperties) = preSolution
		HideSolutionNode = FALSE
	EndGlobalSection
	GlobalSection(NestedProjects) = preSolution
		{49F9FB3C-0E27-4180-AE3F-15B430A733FE} = {1C93CA72-7BE4-4DA7-A230-42E161922478}
		{F0F8C477-CE28-4BCA-8204-484BC22D3761} = {1C93CA72-7BE4-4DA7-A230-42E161922478}
	EndGlobalSection
EndGlobal
